
Microsoft Visual Studio Solution File, Format Version 12.00
# Visual Studio Version 16
VisualStudioVersion = 16.0.30907.101
MinimumVisualStudioVersion = 10.0.40219.1
Project("{FAE04EC0-301F-11D3-BF4B-00C04F79EFBC}") = "MyDictionaryDemo", "MyDictionaryDemo\MyDictionaryDemo.csproj", "{C4067559-18E3-4B49-BF18-9A2F1EA8FB25}"
EndProject
Global
	GlobalSection(SolutionConfigurationPlatforms) = preSolution
		Debug|Any CPU = Debug|Any CPU
		Release|Any CPU = Release|Any CPU
	EndGlobalSection
	GlobalSection(ProjectConfigurationPlatforms) = postSolution
		{C4067559-18E3-4B49-BF18-9A2F1EA8FB25}.Debug|Any CPU.ActiveCfg = Debug|Any CPU
		{C4067559-18E3-4B49-BF18-9A2F1EA8FB25}.Debug|Any CPU.Build.0 = Debug|Any CPU
		{C4067559-18E3-4B49-BF18-9A2F1EA8FB25}.Release|Any CPU.ActiveCfg = Release|Any CPU
		{C4067559-18E3-4B49-BF18-9A2F1EA8FB25}.Release|Any CPU.Build.0 = Release|Any CPU
	EndGlobalSection
	GlobalSection(SolutionProperties) = preSolution
		HideSolutionNode = FALSE
	EndGlobalSection
	GlobalSection(ExtensibilityGlobals) = postSolution
		SolutionGuid = {A958170D-E1EC-422E-A6F1-216A1A4DE142}
	EndGlobalSection
EndGlobal
